
Microsoft Visual Studio Solution File, Format Version 12.00
# Visual Studio Version 16
VisualStudioVersion = 16.0.31105.61
MinimumVisualStudioVersion = 10.0.40219.1
Project("{FAE04EC0-301F-11D3-BF4B-00C04F79EFBC}") = "Image_CRUD", "Image_CRUD\Image_CRUD.csproj", "{7EAB12C5-F330-431C-8F15-AB49D2921E5A}"
EndProject
Global
	GlobalSection(SolutionConfigurationPlatforms) = preSolution
		Debug|Any CPU = Debug|Any CPU
		Release|Any CPU = Release|Any CPU
	EndGlobalSection
	GlobalSection(ProjectConfigurationPlatforms) = postSolution
		{7EAB12C5-F330-431C-8F15-AB49D2921E5A}.Debug|Any CPU.ActiveCfg = Debug|Any CPU
		{7EAB12C5-F330-431C-8F15-AB49D2921E5A}.Debug|Any CPU.Build.0 = Debug|Any CPU
		{7EAB12C5-F330-431C-8F15-AB49D2921E5A}.Release|Any CPU.ActiveCfg = Release|Any CPU
		{7EAB12C5-F330-431C-8F15-AB49D2921E5A}.Release|Any CPU.Build.0 = Release|Any CPU
	EndGlobalSection
	GlobalSection(SolutionProperties) = preSolution
		HideSolutionNode = FALSE
	EndGlobalSection
	GlobalSection(ExtensibilityGlobals) = postSolution
		SolutionGuid = {109E1997-71AD-4C96-9A3D-194AAB7B85FA}
	EndGlobalSection
EndGlobal
